
Microsoft Visual Studio Solution File, Format Version 12.00
# Visual Studio 15
VisualStudioVersion = 15.0.26228.9
MinimumVisualStudioVersion = 10.0.40219.1
Project("{2150E333-8FDC-42A3-9474-1A3956D46DE8}") = "root", "root", "{40BFDC8F-025F-4E62-A6A2-EFA3FEB24059}"
	ProjectSection(SolutionItems) = preProject
		.gitattributes = .gitattributes
		.gitignore = .gitignore
		appveyor.yml = appveyor.yml
		build.cake = build.cake
		CHANGELOG.md = CHANGELOG.md
		global.json = global.json
		LICENSE.md = LICENSE.md
		pomma89.snk = pomma89.snk
		README.md = README.md
	EndProjectSection
EndProject
Project("{2150E333-8FDC-42A3-9474-1A3956D46DE8}") = "src", "src", "{060B4ABE-390C-4E26-B83F-1A15FC5C87A7}"
EndProject
Project("{2150E333-8FDC-42A3-9474-1A3956D46DE8}") = "test", "test", "{CAFA8672-FBD1-4D46-AB48-CF4EB2F2AC02}"
EndProject
Project("{2150E333-8FDC-42A3-9474-1A3956D46DE8}") = "logo", "logo", "{7D7DFB4A-0415-458D-9B88-58287DBFDCEF}"
	ProjectSection(SolutionItems) = preProject
		logo\logo-128.png = logo\logo-128.png
		logo\logo-256.png = logo\logo-256.png
		logo\logo-32.png = logo\logo-32.png
		logo\logo-512.png = logo\logo-512.png
		logo\logo-64.png = logo\logo-64.png
		logo\logo-original.png = logo\logo-original.png
	EndProjectSection
EndProject
Project("{9A19103F-16F7-4668-BE54-9A1E7A4F7556}") = "PommaLabs.Thrower", "src\PommaLabs.Thrower\PommaLabs.Thrower.csproj", "{F87575EA-E423-43F7-909A-A0FB7955A7A1}"
EndProject
Project("{9A19103F-16F7-4668-BE54-9A1E7A4F7556}") = "PommaLabs.Thrower.Benchmarks", "test\PommaLabs.Thrower.Benchmarks\PommaLabs.Thrower.Benchmarks.csproj", "{54135171-B865-4C27-BACA-684127E59B53}"
EndProject
Project("{9A19103F-16F7-4668-BE54-9A1E7A4F7556}") = "PommaLabs.Thrower.Examples", "test\PommaLabs.Thrower.Examples\PommaLabs.Thrower.Examples.csproj", "{88CA4B1D-F511-4DA7-9BE1-71AC78026D39}"
EndProject
Project("{9A19103F-16F7-4668-BE54-9A1E7A4F7556}") = "PommaLabs.Thrower.UnitTests", "test\PommaLabs.Thrower.UnitTests\PommaLabs.Thrower.UnitTests.csproj", "{E67A4C51-3C6B-4D85-9D0B-7E91434C5D93}"
EndProject
Project("{2150E333-8FDC-42A3-9474-1A3956D46DE8}") = "tools", "tools", "{99B9948A-E0E2-464C-AF42-982004AAFE4D}"
	ProjectSection(SolutionItems) = preProject
		tools\packages.config = tools\packages.config
	EndProjectSection
EndProject
Global
	GlobalSection(SolutionConfigurationPlatforms) = preSolution
		Debug|Any CPU = Debug|Any CPU
		Release|Any CPU = Release|Any CPU
	EndGlobalSection
	GlobalSection(ProjectConfigurationPlatforms) = postSolution
		{F87575EA-E423-43F7-909A-A0FB7955A7A1}.Debug|Any CPU.ActiveCfg = Debug|Any CPU
		{F87575EA-E423-43F7-909A-A0FB7955A7A1}.Debug|Any CPU.Build.0 = Debug|Any CPU
		{F87575EA-E423-43F7-909A-A0FB7955A7A1}.Release|Any CPU.ActiveCfg = Release|Any CPU
		{F87575EA-E423-43F7-909A-A0FB7955A7A1}.Release|Any CPU.Build.0 = Release|Any CPU
		{54135171-B865-4C27-BACA-684127E59B53}.Debug|Any CPU.ActiveCfg = Debug|Any CPU
		{54135171-B865-4C27-BACA-684127E59B53}.Debug|Any CPU.Build.0 = Debug|Any CPU
		{54135171-B865-4C27-BACA-684127E59B53}.Release|Any CPU.ActiveCfg = Release|Any CPU
		{54135171-B865-4C27-BACA-684127E59B53}.Release|Any CPU.Build.0 = Release|Any CPU
		{88CA4B1D-F511-4DA7-9BE1-71AC78026D39}.Debug|Any CPU.ActiveCfg = Debug|Any CPU
		{88CA4B1D-F511-4DA7-9BE1-71AC78026D39}.Debug|Any CPU.Build.0 = Debug|Any CPU
		{88CA4B1D-F511-4DA7-9BE1-71AC78026D39}.Release|Any CPU.ActiveCfg = Release|Any CPU
		{88CA4B1D-F511-4DA7-9BE1-71AC78026D39}.Release|Any CPU.Build.0 = Release|Any CPU
		{E67A4C51-3C6B-4D85-9D0B-7E91434C5D93}.Debug|Any CPU.ActiveCfg = Debug|Any CPU
		{E67A4C51-3C6B-4D85-9D0B-7E91434C5D93}.Debug|Any CPU.Build.0 = Debug|Any CPU
		{E67A4C51-3C6B-4D85-9D0B-7E91434C5D93}.Release|Any CPU.ActiveCfg = Release|Any CPU
		{E67A4C51-3C6B-4D85-9D0B-7E91434C5D93}.Release|Any CPU.Build.0 = Release|Any CPU
	EndGlobalSection
	GlobalSection(SolutionProperties) = preSolution
		HideSolutionNode = FALSE
	EndGlobalSection
	GlobalSection(NestedProjects) = preSolution
		{F87575EA-E423-43F7-909A-A0FB7955A7A1} = {060B4ABE-390C-4E26-B83F-1A15FC5C87A7}
		{54135171-B865-4C27-BACA-684127E59B53} = {CAFA8672-FBD1-4D46-AB48-CF4EB2F2AC02}
		{88CA4B1D-F511-4DA7-9BE1-71AC78026D39} = {CAFA8672-FBD1-4D46-AB48-CF4EB2F2AC02}
		{E67A4C51-3C6B-4D85-9D0B-7E91434C5D93} = {CAFA8672-FBD1-4D46-AB48-CF4EB2F2AC02}
		{99B9948A-E0E2-464C-AF42-982004AAFE4D} = {40BFDC8F-025F-4E62-A6A2-EFA3FEB24059}
	EndGlobalSection
EndGlobal
