
Microsoft Visual Studio Solution File, Format Version 12.00
# Visual Studio 14
VisualStudioVersion = 14.0.25420.1
MinimumVisualStudioVersion = 10.0.40219.1
Project("{2150E333-8FDC-42A3-9474-1A3956D46DE8}") = "root", "root", "{40BFDC8F-025F-4E62-A6A2-EFA3FEB24059}"
	ProjectSection(SolutionItems) = preProject
		.gitattributes = .gitattributes
		.gitignore = .gitignore
		appveyor.yml = appveyor.yml
		build.cake = build.cake
		CHANGELOG.md = CHANGELOG.md
		global.json = global.json
		LICENSE.md = LICENSE.md
		pomma89.snk = pomma89.snk
		README.md = README.md
	EndProjectSection
EndProject
Project("{2150E333-8FDC-42A3-9474-1A3956D46DE8}") = "src", "src", "{060B4ABE-390C-4E26-B83F-1A15FC5C87A7}"
EndProject
Project("{2150E333-8FDC-42A3-9474-1A3956D46DE8}") = "test", "test", "{CAFA8672-FBD1-4D46-AB48-CF4EB2F2AC02}"
EndProject
Project("{2150E333-8FDC-42A3-9474-1A3956D46DE8}") = "logo", "logo", "{7D7DFB4A-0415-458D-9B88-58287DBFDCEF}"
	ProjectSection(SolutionItems) = preProject
		logo\logo-128.png = logo\logo-128.png
		logo\logo-256.png = logo\logo-256.png
		logo\logo-32.png = logo\logo-32.png
		logo\logo-512.png = logo\logo-512.png
		logo\logo-64.png = logo\logo-64.png
		logo\logo-original.png = logo\logo-original.png
	EndProjectSection
EndProject
Project("{8BB2217D-0F2D-49D1-97BC-3654ED321F3B}") = "PommaLabs.Thrower", "src\PommaLabs.Thrower\PommaLabs.Thrower.xproj", "{D1750E4A-6E2E-4DA6-897A-33DEAD3FEF4E}"
EndProject
Project("{8BB2217D-0F2D-49D1-97BC-3654ED321F3B}") = "PommaLabs.Thrower.UnitTests", "test\PommaLabs.Thrower.UnitTests\PommaLabs.Thrower.UnitTests.xproj", "{CD1EB666-1B38-4876-A50E-406CF071BC61}"
EndProject
Project("{8BB2217D-0F2D-49D1-97BC-3654ED321F3B}") = "PommaLabs.Thrower.Benchmarks", "test\PommaLabs.Thrower.Benchmarks\PommaLabs.Thrower.Benchmarks.xproj", "{C9318B4F-F486-4145-B7FB-64F485A0156D}"
EndProject
Project("{8BB2217D-0F2D-49D1-97BC-3654ED321F3B}") = "PommaLabs.Thrower.Examples", "test\PommaLabs.Thrower.Examples\PommaLabs.Thrower.Examples.xproj", "{65A25151-9F10-465D-AE6E-A47F34E1C01F}"
EndProject
Global
	GlobalSection(SolutionConfigurationPlatforms) = preSolution
		Debug|Any CPU = Debug|Any CPU
		Debug|x64 = Debug|x64
		Debug|x86 = Debug|x86
		Release|Any CPU = Release|Any CPU
		Release|x64 = Release|x64
		Release|x86 = Release|x86
	EndGlobalSection
	GlobalSection(ProjectConfigurationPlatforms) = postSolution
		{D1750E4A-6E2E-4DA6-897A-33DEAD3FEF4E}.Debug|Any CPU.ActiveCfg = Debug|Any CPU
		{D1750E4A-6E2E-4DA6-897A-33DEAD3FEF4E}.Debug|Any CPU.Build.0 = Debug|Any CPU
		{D1750E4A-6E2E-4DA6-897A-33DEAD3FEF4E}.Debug|x64.ActiveCfg = Debug|Any CPU
		{D1750E4A-6E2E-4DA6-897A-33DEAD3FEF4E}.Debug|x64.Build.0 = Debug|Any CPU
		{D1750E4A-6E2E-4DA6-897A-33DEAD3FEF4E}.Debug|x86.ActiveCfg = Debug|Any CPU
		{D1750E4A-6E2E-4DA6-897A-33DEAD3FEF4E}.Debug|x86.Build.0 = Debug|Any CPU
		{D1750E4A-6E2E-4DA6-897A-33DEAD3FEF4E}.Release|Any CPU.ActiveCfg = Release|Any CPU
		{D1750E4A-6E2E-4DA6-897A-33DEAD3FEF4E}.Release|Any CPU.Build.0 = Release|Any CPU
		{D1750E4A-6E2E-4DA6-897A-33DEAD3FEF4E}.Release|x64.ActiveCfg = Release|Any CPU
		{D1750E4A-6E2E-4DA6-897A-33DEAD3FEF4E}.Release|x64.Build.0 = Release|Any CPU
		{D1750E4A-6E2E-4DA6-897A-33DEAD3FEF4E}.Release|x86.ActiveCfg = Release|Any CPU
		{D1750E4A-6E2E-4DA6-897A-33DEAD3FEF4E}.Release|x86.Build.0 = Release|Any CPU
		{CD1EB666-1B38-4876-A50E-406CF071BC61}.Debug|Any CPU.ActiveCfg = Debug|Any CPU
		{CD1EB666-1B38-4876-A50E-406CF071BC61}.Debug|Any CPU.Build.0 = Debug|Any CPU
		{CD1EB666-1B38-4876-A50E-406CF071BC61}.Debug|x64.ActiveCfg = Debug|Any CPU
		{CD1EB666-1B38-4876-A50E-406CF071BC61}.Debug|x64.Build.0 = Debug|Any CPU
		{CD1EB666-1B38-4876-A50E-406CF071BC61}.Debug|x86.ActiveCfg = Debug|Any CPU
		{CD1EB666-1B38-4876-A50E-406CF071BC61}.Debug|x86.Build.0 = Debug|Any CPU
		{CD1EB666-1B38-4876-A50E-406CF071BC61}.Release|Any CPU.ActiveCfg = Release|Any CPU
		{CD1EB666-1B38-4876-A50E-406CF071BC61}.Release|Any CPU.Build.0 = Release|Any CPU
		{CD1EB666-1B38-4876-A50E-406CF071BC61}.Release|x64.ActiveCfg = Release|Any CPU
		{CD1EB666-1B38-4876-A50E-406CF071BC61}.Release|x64.Build.0 = Release|Any CPU
		{CD1EB666-1B38-4876-A50E-406CF071BC61}.Release|x86.ActiveCfg = Release|Any CPU
		{CD1EB666-1B38-4876-A50E-406CF071BC61}.Release|x86.Build.0 = Release|Any CPU
		{C9318B4F-F486-4145-B7FB-64F485A0156D}.Debug|Any CPU.ActiveCfg = Debug|Any CPU
		{C9318B4F-F486-4145-B7FB-64F485A0156D}.Debug|Any CPU.Build.0 = Debug|Any CPU
		{C9318B4F-F486-4145-B7FB-64F485A0156D}.Debug|x64.ActiveCfg = Debug|Any CPU
		{C9318B4F-F486-4145-B7FB-64F485A0156D}.Debug|x64.Build.0 = Debug|Any CPU
		{C9318B4F-F486-4145-B7FB-64F485A0156D}.Debug|x86.ActiveCfg = Debug|Any CPU
		{C9318B4F-F486-4145-B7FB-64F485A0156D}.Debug|x86.Build.0 = Debug|Any CPU
		{C9318B4F-F486-4145-B7FB-64F485A0156D}.Release|Any CPU.ActiveCfg = Release|Any CPU
		{C9318B4F-F486-4145-B7FB-64F485A0156D}.Release|Any CPU.Build.0 = Release|Any CPU
		{C9318B4F-F486-4145-B7FB-64F485A0156D}.Release|x64.ActiveCfg = Release|Any CPU
		{C9318B4F-F486-4145-B7FB-64F485A0156D}.Release|x64.Build.0 = Release|Any CPU
		{C9318B4F-F486-4145-B7FB-64F485A0156D}.Release|x86.ActiveCfg = Release|Any CPU
		{C9318B4F-F486-4145-B7FB-64F485A0156D}.Release|x86.Build.0 = Release|Any CPU
		{65A25151-9F10-465D-AE6E-A47F34E1C01F}.Debug|Any CPU.ActiveCfg = Debug|Any CPU
		{65A25151-9F10-465D-AE6E-A47F34E1C01F}.Debug|Any CPU.Build.0 = Debug|Any CPU
		{65A25151-9F10-465D-AE6E-A47F34E1C01F}.Debug|x64.ActiveCfg = Debug|Any CPU
		{65A25151-9F10-465D-AE6E-A47F34E1C01F}.Debug|x64.Build.0 = Debug|Any CPU
		{65A25151-9F10-465D-AE6E-A47F34E1C01F}.Debug|x86.ActiveCfg = Debug|Any CPU
		{65A25151-9F10-465D-AE6E-A47F34E1C01F}.Debug|x86.Build.0 = Debug|Any CPU
		{65A25151-9F10-465D-AE6E-A47F34E1C01F}.Release|Any CPU.ActiveCfg = Release|Any CPU
		{65A25151-9F10-465D-AE6E-A47F34E1C01F}.Release|Any CPU.Build.0 = Release|Any CPU
		{65A25151-9F10-465D-AE6E-A47F34E1C01F}.Release|x64.ActiveCfg = Release|Any CPU
		{65A25151-9F10-465D-AE6E-A47F34E1C01F}.Release|x64.Build.0 = Release|Any CPU
		{65A25151-9F10-465D-AE6E-A47F34E1C01F}.Release|x86.ActiveCfg = Release|Any CPU
		{65A25151-9F10-465D-AE6E-A47F34E1C01F}.Release|x86.Build.0 = Release|Any CPU
	EndGlobalSection
	GlobalSection(SolutionProperties) = preSolution
		HideSolutionNode = FALSE
	EndGlobalSection
	GlobalSection(NestedProjects) = preSolution
		{D1750E4A-6E2E-4DA6-897A-33DEAD3FEF4E} = {060B4ABE-390C-4E26-B83F-1A15FC5C87A7}
		{CD1EB666-1B38-4876-A50E-406CF071BC61} = {CAFA8672-FBD1-4D46-AB48-CF4EB2F2AC02}
		{C9318B4F-F486-4145-B7FB-64F485A0156D} = {CAFA8672-FBD1-4D46-AB48-CF4EB2F2AC02}
		{65A25151-9F10-465D-AE6E-A47F34E1C01F} = {CAFA8672-FBD1-4D46-AB48-CF4EB2F2AC02}
	EndGlobalSection
EndGlobal
